
Microsoft Visual Studio Solution File, Format Version 12.00
# Visual Studio Version 16
VisualStudioVersion = 16.0.33927.289
MinimumVisualStudioVersion = 10.0.40219.1
Project("{2150E333-8FDC-42A3-9474-1A3956D46DE8}") = "Task0", "Task0", "{035F58C8-1278-44BE-BAF9-9D26AD97C792}"
EndProject
Project("{FAE04EC0-301F-11D3-BF4B-00C04F79EFBC}") = "Tyuiu.BelovaEA.Sprint0.Task0.V0", "Tyuiu.BelovaEA.Sprint0.Task0.V0\Tyuiu.BelovaEA.Sprint0.Task0.V0.csproj", "{FD9FED90-22B1-42CF-97CD-D2BEC35761A6}"
EndProject
Project("{2150E333-8FDC-42A3-9474-1A3956D46DE8}") = "Task1", "Task1", "{CD1A3045-8E69-41BF-B217-C3E516EC7DD5}"
EndProject
Project("{FAE04EC0-301F-11D3-BF4B-00C04F79EFBC}") = "Tyuiu.BelovaEA.Sprint0.Task1.V0", "Tyuiu.BelovaEA.Sprint0.Task1.V0\Tyuiu.BelovaEA.Sprint0.Task1.V0.csproj", "{A5C560B7-E131-4A6F-9109-3DEAF70A2BEB}"
EndProject
Project("{2150E333-8FDC-42A3-9474-1A3956D46DE8}") = "Task2", "Task2", "{FC4B2BAA-1E78-44F5-B414-573D12523C3E}"
EndProject
Project("{FAE04EC0-301F-11D3-BF4B-00C04F79EFBC}") = "Tyuiu.BelovaEA.Sprint0.Task2.V0", "Tyuiu.BelovaEA.Sprint0.Task2.V0\Tyuiu.BelovaEA.Sprint0.Task2.V0.csproj", "{B0806612-88AA-4848-876A-5A04DA718433}"
EndProject
Project("{FAE04EC0-301F-11D3-BF4B-00C04F79EFBC}") = "Tyuiu.BelovaEA.Sprint0.Task2.V0.Lib", "Tyuiu.BelovaEA.Sprint0.Task2.V0.Lib\Tyuiu.BelovaEA.Sprint0.Task2.V0.Lib.csproj", "{10F995B5-3FBE-4BCE-9C8F-F2022E765F45}"
EndProject
Project("{FAE04EC0-301F-11D3-BF4B-00C04F79EFBC}") = "Tyuiu.BelovaEA.Sprint0.Task2.V0.Test", "Tyuiu.BelovaEA.Sprint0.Task2.V0.Test\Tyuiu.BelovaEA.Sprint0.Task2.V0.Test.csproj", "{FC83AC5C-34A6-44BB-8258-4C9F8E522D96}"
EndProject
Project("{2150E333-8FDC-42A3-9474-1A3956D46DE8}") = "Task3", "Task3", "{A42AF4D9-8B27-45DE-932E-9FC3089EFAF2}"
EndProject
Project("{FAE04EC0-301F-11D3-BF4B-00C04F79EFBC}") = "Tyuiu.BelovaEA.Sprint0.Task3.V0", "Tyuiu.BelovaEA.Sprint0.Task3.V0\Tyuiu.BelovaEA.Sprint0.Task3.V0.csproj", "{11247C0F-1303-4AAC-9988-DD679EFFBAF3}"
EndProject
Project("{FAE04EC0-301F-11D3-BF4B-00C04F79EFBC}") = "Tyuiu.BelovaEA.Sprint0.Task3.V0.Test", "Tyuiu.BelovaEA.Sprint0.Task3.V0.Test\Tyuiu.BelovaEA.Sprint0.Task3.V0.Test.csproj", "{18E5D0C7-0A5E-4056-A9B0-710FA3ECC585}"
EndProject
Project("{FAE04EC0-301F-11D3-BF4B-00C04F79EFBC}") = "Tyuiu.BelovaEA.Sprint0.Task3.V0.Lib", "Tyuiu.BelovaEA.Sprint0.Task3.V0.Lib\Tyuiu.BelovaEA.Sprint0.Task3.V0.Lib.csproj", "{25E18BE7-AD1D-4676-91AF-E9A53C65E9E1}"
EndProject
Project("{2150E333-8FDC-42A3-9474-1A3956D46DE8}") = "Task4", "Task4", "{E48F0A61-10DB-4DEC-B5A0-02F671685F6B}"
EndProject
Project("{FAE04EC0-301F-11D3-BF4B-00C04F79EFBC}") = "Tyuiu.BelovaEA.Sprint0.Task4.V0.Lib", "Tyuiu.BelovaEA.Sprint0.Task4.V0.Lib\Tyuiu.BelovaEA.Sprint0.Task4.V0.Lib.csproj", "{21332CA1-8F8E-4A61-88E5-506001F03A25}"
EndProject
Project("{FAE04EC0-301F-11D3-BF4B-00C04F79EFBC}") = "Tyuiu.BelovaEA.Sprint0.Task4.V0.Test", "Tyuiu.BelovaEA.Sprint0.Task4.V0.Test\Tyuiu.BelovaEA.Sprint0.Task4.V0.Test.csproj", "{9E828D79-E810-471A-8FC0-A9B128ADF7C4}"
EndProject
Project("{FAE04EC0-301F-11D3-BF4B-00C04F79EFBC}") = "Tyuiu.BelovaEA.Sprint0.Task4.V0", "Tyuiu.BelovaEA.Sprint0.Task4.V0\Tyuiu.BelovaEA.Sprint0.Task4.V0.csproj", "{DA572095-C82E-4F38-834C-E2BDBAF8F1DC}"
EndProject
Global
	GlobalSection(SolutionConfigurationPlatforms) = preSolution
		Debug|Any CPU = Debug|Any CPU
		Release|Any CPU = Release|Any CPU
	EndGlobalSection
	GlobalSection(ProjectConfigurationPlatforms) = postSolution
		{FD9FED90-22B1-42CF-97CD-D2BEC35761A6}.Debug|Any CPU.ActiveCfg = Debug|Any CPU
		{FD9FED90-22B1-42CF-97CD-D2BEC35761A6}.Debug|Any CPU.Build.0 = Debug|Any CPU
		{FD9FED90-22B1-42CF-97CD-D2BEC35761A6}.Release|Any CPU.ActiveCfg = Release|Any CPU
		{FD9FED90-22B1-42CF-97CD-D2BEC35761A6}.Release|Any CPU.Build.0 = Release|Any CPU
		{A5C560B7-E131-4A6F-9109-3DEAF70A2BEB}.Debug|Any CPU.ActiveCfg = Debug|Any CPU
		{A5C560B7-E131-4A6F-9109-3DEAF70A2BEB}.Debug|Any CPU.Build.0 = Debug|Any CPU
		{A5C560B7-E131-4A6F-9109-3DEAF70A2BEB}.Release|Any CPU.ActiveCfg = Release|Any CPU
		{A5C560B7-E131-4A6F-9109-3DEAF70A2BEB}.Release|Any CPU.Build.0 = Release|Any CPU
		{B0806612-88AA-4848-876A-5A04DA718433}.Debug|Any CPU.ActiveCfg = Debug|Any CPU
		{B0806612-88AA-4848-876A-5A04DA718433}.Debug|Any CPU.Build.0 = Debug|Any CPU
		{B0806612-88AA-4848-876A-5A04DA718433}.Release|Any CPU.ActiveCfg = Release|Any CPU
		{B0806612-88AA-4848-876A-5A04DA718433}.Release|Any CPU.Build.0 = Release|Any CPU
		{10F995B5-3FBE-4BCE-9C8F-F2022E765F45}.Debug|Any CPU.ActiveCfg = Debug|Any CPU
		{10F995B5-3FBE-4BCE-9C8F-F2022E765F45}.Debug|Any CPU.Build.0 = Debug|Any CPU
		{10F995B5-3FBE-4BCE-9C8F-F2022E765F45}.Release|Any CPU.ActiveCfg = Release|Any CPU
		{10F995B5-3FBE-4BCE-9C8F-F2022E765F45}.Release|Any CPU.Build.0 = Release|Any CPU
		{FC83AC5C-34A6-44BB-8258-4C9F8E522D96}.Debug|Any CPU.ActiveCfg = Debug|Any CPU
		{FC83AC5C-34A6-44BB-8258-4C9F8E522D96}.Debug|Any CPU.Build.0 = Debug|Any CPU
		{FC83AC5C-34A6-44BB-8258-4C9F8E522D96}.Release|Any CPU.ActiveCfg = Release|Any CPU
		{FC83AC5C-34A6-44BB-8258-4C9F8E522D96}.Release|Any CPU.Build.0 = Release|Any CPU
		{11247C0F-1303-4AAC-9988-DD679EFFBAF3}.Debug|Any CPU.ActiveCfg = Debug|Any CPU
		{11247C0F-1303-4AAC-9988-DD679EFFBAF3}.Debug|Any CPU.Build.0 = Debug|Any CPU
		{11247C0F-1303-4AAC-9988-DD679EFFBAF3}.Release|Any CPU.ActiveCfg = Release|Any CPU
		{11247C0F-1303-4AAC-9988-DD679EFFBAF3}.Release|Any CPU.Build.0 = Release|Any CPU
		{18E5D0C7-0A5E-4056-A9B0-710FA3ECC585}.Debug|Any CPU.ActiveCfg = Debug|Any CPU
		{18E5D0C7-0A5E-4056-A9B0-710FA3ECC585}.Debug|Any CPU.Build.0 = Debug|Any CPU
		{18E5D0C7-0A5E-4056-A9B0-710FA3ECC585}.Release|Any CPU.ActiveCfg = Release|Any CPU
		{18E5D0C7-0A5E-4056-A9B0-710FA3ECC585}.Release|Any CPU.Build.0 = Release|Any CPU
		{25E18BE7-AD1D-4676-91AF-E9A53C65E9E1}.Debug|Any CPU.ActiveCfg = Debug|Any CPU
		{25E18BE7-AD1D-4676-91AF-E9A53C65E9E1}.Debug|Any CPU.Build.0 = Debug|Any CPU
		{25E18BE7-AD1D-4676-91AF-E9A53C65E9E1}.Release|Any CPU.ActiveCfg = Release|Any CPU
		{25E18BE7-AD1D-4676-91AF-E9A53C65E9E1}.Release|Any CPU.Build.0 = Release|Any CPU
		{21332CA1-8F8E-4A61-88E5-506001F03A25}.Debug|Any CPU.ActiveCfg = Debug|Any CPU
		{21332CA1-8F8E-4A61-88E5-506001F03A25}.Debug|Any CPU.Build.0 = Debug|Any CPU
		{21332CA1-8F8E-4A61-88E5-506001F03A25}.Release|Any CPU.ActiveCfg = Release|Any CPU
		{21332CA1-8F8E-4A61-88E5-506001F03A25}.Release|Any CPU.Build.0 = Release|Any CPU
		{9E828D79-E810-471A-8FC0-A9B128ADF7C4}.Debug|Any CPU.ActiveCfg = Debug|Any CPU
		{9E828D79-E810-471A-8FC0-A9B128ADF7C4}.Debug|Any CPU.Build.0 = Debug|Any CPU
		{9E828D79-E810-471A-8FC0-A9B128ADF7C4}.Release|Any CPU.ActiveCfg = Release|Any CPU
		{9E828D79-E810-471A-8FC0-A9B128ADF7C4}.Release|Any CPU.Build.0 = Release|Any CPU
		{DA572095-C82E-4F38-834C-E2BDBAF8F1DC}.Debug|Any CPU.ActiveCfg = Debug|Any CPU
		{DA572095-C82E-4F38-834C-E2BDBAF8F1DC}.Debug|Any CPU.Build.0 = Debug|Any CPU
		{DA572095-C82E-4F38-834C-E2BDBAF8F1DC}.Release|Any CPU.ActiveCfg = Release|Any CPU
		{DA572095-C82E-4F38-834C-E2BDBAF8F1DC}.Release|Any CPU.Build.0 = Release|Any CPU
	EndGlobalSection
	GlobalSection(SolutionProperties) = preSolution
		HideSolutionNode = FALSE
	EndGlobalSection
	GlobalSection(NestedProjects) = preSolution
		{FD9FED90-22B1-42CF-97CD-D2BEC35761A6} = {035F58C8-1278-44BE-BAF9-9D26AD97C792}
		{A5C560B7-E131-4A6F-9109-3DEAF70A2BEB} = {CD1A3045-8E69-41BF-B217-C3E516EC7DD5}
		{B0806612-88AA-4848-876A-5A04DA718433} = {FC4B2BAA-1E78-44F5-B414-573D12523C3E}
		{10F995B5-3FBE-4BCE-9C8F-F2022E765F45} = {FC4B2BAA-1E78-44F5-B414-573D12523C3E}
		{FC83AC5C-34A6-44BB-8258-4C9F8E522D96} = {FC4B2BAA-1E78-44F5-B414-573D12523C3E}
		{11247C0F-1303-4AAC-9988-DD679EFFBAF3} = {A42AF4D9-8B27-45DE-932E-9FC3089EFAF2}
		{18E5D0C7-0A5E-4056-A9B0-710FA3ECC585} = {A42AF4D9-8B27-45DE-932E-9FC3089EFAF2}
		{25E18BE7-AD1D-4676-91AF-E9A53C65E9E1} = {A42AF4D9-8B27-45DE-932E-9FC3089EFAF2}
		{21332CA1-8F8E-4A61-88E5-506001F03A25} = {E48F0A61-10DB-4DEC-B5A0-02F671685F6B}
		{9E828D79-E810-471A-8FC0-A9B128ADF7C4} = {E48F0A61-10DB-4DEC-B5A0-02F671685F6B}
		{DA572095-C82E-4F38-834C-E2BDBAF8F1DC} = {E48F0A61-10DB-4DEC-B5A0-02F671685F6B}
	EndGlobalSection
	GlobalSection(ExtensibilityGlobals) = postSolution
		SolutionGuid = {1749EF30-59D6-4B77-94DB-F53F6C3F5B4B}
	EndGlobalSection
EndGlobal
